
Microsoft Visual Studio Solution File, Format Version 12.00
# Visual Studio Version 16
VisualStudioVersion = 16.0.35130.168
MinimumVisualStudioVersion = 10.0.40219.1
Project("{F184B08F-C81C-45F6-A57F-5ABD9991F28F}") = "FinalProject_Pemdesk_Kelompok3", "FinalProject_Pemdesk_Kelompok3\FinalProject_Pemdesk_Kelompok3.vbproj", "{C07A860C-8426-49A3-977C-EA7FFD8050F1}"
EndProject
Global
	GlobalSection(SolutionConfigurationPlatforms) = preSolution
		Debug|Any CPU = Debug|Any CPU
		Release|Any CPU = Release|Any CPU
	EndGlobalSection
	GlobalSection(ProjectConfigurationPlatforms) = postSolution
		{C07A860C-8426-49A3-977C-EA7FFD8050F1}.Debug|Any CPU.ActiveCfg = Debug|Any CPU
		{C07A860C-8426-49A3-977C-EA7FFD8050F1}.Debug|Any CPU.Build.0 = Debug|Any CPU
		{C07A860C-8426-49A3-977C-EA7FFD8050F1}.Release|Any CPU.ActiveCfg = Release|Any CPU
		{C07A860C-8426-49A3-977C-EA7FFD8050F1}.Release|Any CPU.Build.0 = Release|Any CPU
	EndGlobalSection
	GlobalSection(SolutionProperties) = preSolution
		HideSolutionNode = FALSE
	EndGlobalSection
	GlobalSection(ExtensibilityGlobals) = postSolution
		SolutionGuid = {23A75BAD-2C1E-4278-86DF-A4C14506CEB8}
	EndGlobalSection
EndGlobal
